
Microsoft Visual Studio Solution File, Format Version 12.00
# Visual Studio Version 17
VisualStudioVersion = 17.11.35327.3
MinimumVisualStudioVersion = 10.0.40219.1
Project("{FAE04EC0-301F-11D3-BF4B-00C04F79EFBC}") = "ConsoleApp6", "ConsoleApp6.csproj", "{C3DCB85A-3FDA-40F6-B513-8E1D2728FAD6}"
EndProject
Global
	GlobalSection(SolutionConfigurationPlatforms) = preSolution
		Debug|Any CPU = Debug|Any CPU
		Release|Any CPU = Release|Any CPU
	EndGlobalSection
	GlobalSection(ProjectConfigurationPlatforms) = postSolution
		{C3DCB85A-3FDA-40F6-B513-8E1D2728FAD6}.Debug|Any CPU.ActiveCfg = Debug|Any CPU
		{C3DCB85A-3FDA-40F6-B513-8E1D2728FAD6}.Debug|Any CPU.Build.0 = Debug|Any CPU
		{C3DCB85A-3FDA-40F6-B513-8E1D2728FAD6}.Release|Any CPU.ActiveCfg = Release|Any CPU
		{C3DCB85A-3FDA-40F6-B513-8E1D2728FAD6}.Release|Any CPU.Build.0 = Release|Any CPU
	EndGlobalSection
	GlobalSection(SolutionProperties) = preSolution
		HideSolutionNode = FALSE
	EndGlobalSection
	GlobalSection(ExtensibilityGlobals) = postSolution
		SolutionGuid = {6456ED38-C7EA-4F99-BFBC-637304C273FC}
	EndGlobalSection
EndGlobal
